// !$*UTF8*$!
{
	archiveVersion = 1;
	classes = {
	};
	objectVersion = 46;
	objects = {

/* Begin PBXBuildFile section */
		07ECFB7F722C254ECC9B12AC /* Pods.framework in Frameworks */ = {isa = PBXBuildFile; fileRef = B56C53020CC61FB9FEAE1862 /* Pods.framework */; settings = {ATTRIBUTES = (Weak, ); }; };
		20828B351B6BD2EA008169DE /* AppDelegate.swift in Sources */ = {isa = PBXBuildFile; fileRef = 20828B341B6BD2EA008169DE /* AppDelegate.swift */; };
		20828B371B6BD2EA008169DE /* ViewController.swift in Sources */ = {isa = PBXBuildFile; fileRef = 20828B361B6BD2EA008169DE /* ViewController.swift */; };
		20828B3A1B6BD2EA008169DE /* Main.storyboard in Resources */ = {isa = PBXBuildFile; fileRef = 20828B381B6BD2EA008169DE /* Main.storyboard */; };
		20828B3C1B6BD2EA008169DE /* Images.xcassets in Resources */ = {isa = PBXBuildFile; fileRef = 20828B3B1B6BD2EA008169DE /* Images.xcassets */; };
		20828B3F1B6BD2EA008169DE /* LaunchScreen.xib in Resources */ = {isa = PBXBuildFile; fileRef = 20828B3D1B6BD2EA008169DE /* LaunchScreen.xib */; };
		20828B4B1B6BD2EA008169DE /* ExportToCalendarTests.swift in Sources */ = {isa = PBXBuildFile; fileRef = 20828B4A1B6BD2EA008169DE /* ExportToCalendarTests.swift */; };
		91A39746FC300E151D086252 /* Pods.framework in Frameworks */ = {isa = PBXBuildFile; fileRef = B56C53020CC61FB9FEAE1862 /* Pods.framework */; settings = {ATTRIBUTES = (Weak, ); }; };
/* End PBXBuildFile section */

/* Begin PBXContainerItemProxy section */
		20828B451B6BD2EA008169DE /* PBXContainerItemProxy */ = {
			isa = PBXContainerItemProxy;
			containerPortal = 20828B271B6BD2EA008169DE /* Project object */;
			proxyType = 1;
			remoteGlobalIDString = 20828B2E1B6BD2EA008169DE;
			remoteInfo = ExportToCalendar;
		};
/* End PBXContainerItemProxy section */

/* Begin PBXFileReference section */
		20828B2F1B6BD2EA008169DE /* ExportToCalendar.app */ = {isa = PBXFileReference; explicitFileType = wrapper.application; includeInIndex = 0; path = ExportToCalendar.app; sourceTree = BUILT_PRODUCTS_DIR; };
		20828B331B6BD2EA008169DE /* Info.plist */ = {isa = PBXFileReference; lastKnownFileType = text.plist.xml; path = Info.plist; sourceTree = "<group>"; };
		20828B341B6BD2EA008169DE /* AppDelegate.swift */ = {isa = PBXFileReference; lastKnownFileType = sourcecode.swift; path = AppDelegate.swift; sourceTree = "<group>"; };
		20828B361B6BD2EA008169DE /* ViewController.swift */ = {isa = PBXFileReference; lastKnownFileType = sourcecode.swift; path = ViewController.swift; sourceTree = "<group>"; };
		20828B391B6BD2EA008169DE /* Base */ = {isa = PBXFileReference; lastKnownFileType = file.storyboard; name = Base; path = Base.lproj/Main.storyboard; sourceTree = "<group>"; };
		20828B3B1B6BD2EA008169DE /* Images.xcassets */ = {isa = PBXFileReference; lastKnownFileType = folder.assetcatalog; path = Images.xcassets; sourceTree = "<group>"; };
		20828B3E1B6BD2EA008169DE /* Base */ = {isa = PBXFileReference; lastKnownFileType = file.xib; name = Base; path = Base.lproj/LaunchScreen.xib; sourceTree = "<group>"; };
		20828B441B6BD2EA008169DE /* ExportToCalendarTests.xctest */ = {isa = PBXFileReference; explicitFileType = wrapper.cfbundle; includeInIndex = 0; path = ExportToCalendarTests.xctest; sourceTree = BUILT_PRODUCTS_DIR; };
		20828B491B6BD2EA008169DE /* Info.plist */ = {isa = PBXFileReference; lastKnownFileType = text.plist.xml; path = Info.plist; sourceTree = "<group>"; };
		20828B4A1B6BD2EA008169DE /* ExportToCalendarTests.swift */ = {isa = PBXFileReference; lastKnownFileType = sourcecode.swift; path = ExportToCalendarTests.swift; sourceTree = "<group>"; };
		675EBD2EF705CA33BD082A4E /* Pods.release.xcconfig */ = {isa = PBXFileReference; includeInIndex = 1; lastKnownFileType = text.xcconfig; name = Pods.release.xcconfig; path = "Pods/Target Support Files/Pods/Pods.release.xcconfig"; sourceTree = "<group>"; };
		B56C53020CC61FB9FEAE1862 /* Pods.framework */ = {isa = PBXFileReference; explicitFileType = wrapper.framework; includeInIndex = 0; path = Pods.framework; sourceTree = BUILT_PRODUCTS_DIR; };
		F00241939312403BBB8741F3 /* Pods.debug.xcconfig */ = {isa = PBXFileReference; includeInIndex = 1; lastKnownFileType = text.xcconfig; name = Pods.debug.xcconfig; path = "Pods/Target Support Files/Pods/Pods.debug.xcconfig"; sourceTree = "<group>"; };
/* End PBXFileReference section */

/* Begin PBXFrameworksBuildPhase section */
		20828B2C1B6BD2EA008169DE /* Frameworks */ = {
			isa = PBXFrameworksBuildPhase;
			buildActionMask = 2147483647;
			files = (
				07ECFB7F722C254ECC9B12AC /* Pods.framework in Frameworks */,
			);
			runOnlyForDeploymentPostprocessing = 0;
		};
		20828B411B6BD2EA008169DE /* Frameworks */ = {
			isa = PBXFrameworksBuildPhase;
			buildActionMask = 2147483647;
			files = (
				91A39746FC300E151D086252 /* Pods.framework in Frameworks */,
			);
			runOnlyForDeploymentPostprocessing = 0;
		};
/* End PBXFrameworksBuildPhase section */

/* Begin PBXGroup section */
		20828B261B6BD2EA008169DE = {
			isa = PBXGroup;
			children = (
				20828B311B6BD2EA008169DE /* ExportToCalendar */,
				20828B471B6BD2EA008169DE /* ExportToCalendarTests */,
				20828B301B6BD2EA008169DE /* Products */,
				7B5937D0D93821A2BFCB5AA1 /* Pods */,
				AB5AA80808EE84A277AD4DE5 /* Frameworks */,
			);
			sourceTree = "<group>";
		};
		20828B301B6BD2EA008169DE /* Products */ = {
			isa = PBXGroup;
			children = (
				20828B2F1B6BD2EA008169DE /* ExportToCalendar.app */,
				20828B441B6BD2EA008169DE /* ExportToCalendarTests.xctest */,
			);
			name = Products;
			sourceTree = "<group>";
		};
		20828B311B6BD2EA008169DE /* ExportToCalendar */ = {
			isa = PBXGroup;
			children = (
				20828B341B6BD2EA008169DE /* AppDelegate.swift */,
				20828B361B6BD2EA008169DE /* ViewController.swift */,
				20828B381B6BD2EA008169DE /* Main.storyboard */,
				20828B3B1B6BD2EA008169DE /* Images.xcassets */,
				20828B3D1B6BD2EA008169DE /* LaunchScreen.xib */,
				20828B321B6BD2EA008169DE /* Supporting Files */,
			);
			path = ExportToCalendar;
			sourceTree = "<group>";
		};
		20828B321B6BD2EA008169DE /* Supporting Files */ = {
			isa = PBXGroup;
			children = (
				20828B331B6BD2EA008169DE /* Info.plist */,
			);
			name = "Supporting Files";
			sourceTree = "<group>";
		};
		20828B471B6BD2EA008169DE /* ExportToCalendarTests */ = {
			isa = PBXGroup;
			children = (
				20828B4A1B6BD2EA008169DE /* ExportToCalendarTests.swift */,
				20828B481B6BD2EA008169DE /* Supporting Files */,
			);
			path = ExportToCalendarTests;
			sourceTree = "<group>";
		};
		20828B481B6BD2EA008169DE /* Supporting Files */ = {
			isa = PBXGroup;
			children = (
				20828B491B6BD2EA008169DE /* Info.plist */,
			);
			name = "Supporting Files";
			sourceTree = "<group>";
		};
		7B5937D0D93821A2BFCB5AA1 /* Pods */ = {
			isa = PBXGroup;
			children = (
				F00241939312403BBB8741F3 /* Pods.debug.xcconfig */,
				675EBD2EF705CA33BD082A4E /* Pods.release.xcconfig */,
			);
			name = Pods;
			sourceTree = "<group>";
		};
		AB5AA80808EE84A277AD4DE5 /* Frameworks */ = {
			isa = PBXGroup;
			children = (
				B56C53020CC61FB9FEAE1862 /* Pods.framework */,
			);
			name = Frameworks;
			sourceTree = "<group>";
		};
/* End PBXGroup section */

/* Begin PBXNativeTarget section */
		20828B2E1B6BD2EA008169DE /* ExportToCalendar */ = {
			isa = PBXNativeTarget;
			buildConfigurationList = 20828B4E1B6BD2EA008169DE /* Build configuration list for PBXNativeTarget "ExportToCalendar" */;
			buildPhases = (
				90D9BEB9BB4984780F043965 /* Check Pods Manifest.lock */,
				20828B2B1B6BD2EA008169DE /* Sources */,
				20828B2C1B6BD2EA008169DE /* Frameworks */,
				20828B2D1B6BD2EA008169DE /* Resources */,
				3FA6AC08AB76C0860D08A4EA /* Embed Pods Frameworks */,
				33D2DD9C949FAA7FF7B008E4 /* Copy Pods Resources */,
			);
			buildRules = (
			);
			dependencies = (
			);
			name = ExportToCalendar;
			productName = ExportToCalendar;
			productReference = 20828B2F1B6BD2EA008169DE /* ExportToCalendar.app */;
			productType = "com.apple.product-type.application";
		};
		20828B431B6BD2EA008169DE /* ExportToCalendarTests */ = {
			isa = PBXNativeTarget;
			buildConfigurationList = 20828B511B6BD2EA008169DE /* Build configuration list for PBXNativeTarget "ExportToCalendarTests" */;
			buildPhases = (
				9507DFC5A79830AB228F9B11 /* Check Pods Manifest.lock */,
				20828B401B6BD2EA008169DE /* Sources */,
				20828B411B6BD2EA008169DE /* Frameworks */,
				20828B421B6BD2EA008169DE /* Resources */,
				BC7B63A554F4823FC158EBF4 /* Embed Pods Frameworks */,
				79EC93B829455617740A781B /* Copy Pods Resources */,
			);
			buildRules = (
			);
			dependencies = (
				20828B461B6BD2EA008169DE /* PBXTargetDependency */,
			);
			name = ExportToCalendarTests;
			productName = ExportToCalendarTests;
			productReference = 20828B441B6BD2EA008169DE /* ExportToCalendarTests.xctest */;
			productType = "com.apple.product-type.bundle.unit-test";
		};
/* End PBXNativeTarget section */

/* Begin PBXProject section */
		20828B271B6BD2EA008169DE /* Project object */ = {
			isa = PBXProject;
			attributes = {
				LastUpgradeCheck = 0640;
				ORGANIZATIONNAME = "Bruno Henriques";
				TargetAttributes = {
					20828B2E1B6BD2EA008169DE = {
						CreatedOnToolsVersion = 6.4;
						DevelopmentTeam = KJ949YKVP6;
					};
					20828B431B6BD2EA008169DE = {
						CreatedOnToolsVersion = 6.4;
						TestTargetID = 20828B2E1B6BD2EA008169DE;
					};
				};
			};
			buildConfigurationList = 20828B2A1B6BD2EA008169DE /* Build configuration list for PBXProject "ExportToCalendar" */;
			compatibilityVersion = "Xcode 3.2";
			developmentRegion = English;
			hasScannedForEncodings = 0;
			knownRegions = (
				en,
				Base,
			);
			mainGroup = 20828B261B6BD2EA008169DE;
			productRefGroup = 20828B301B6BD2EA008169DE /* Products */;
			projectDirPath = "";
			projectRoot = "";
			targets = (
				20828B2E1B6BD2EA008169DE /* ExportToCalendar */,
				20828B431B6BD2EA008169DE /* ExportToCalendarTests */,
			);
		};
/* End PBXProject section */

/* Begin PBXResourcesBuildPhase section */
		20828B2D1B6BD2EA008169DE /* Resources */ = {
			isa = PBXResourcesBuildPhase;
			buildActionMask = 2147483647;
			files = (
				20828B3A1B6BD2EA008169DE /* Main.storyboard in Resources */,
				20828B3F1B6BD2EA008169DE /* LaunchScreen.xib in Resources */,
				20828B3C1B6BD2EA008169DE /* Images.xcassets in Resources */,
			);
			runOnlyForDeploymentPostprocessing = 0;
		};
		20828B421B6BD2EA008169DE /* Resources */ = {
			isa = PBXResourcesBuildPhase;
			buildActionMask = 2147483647;
			files = (
			);
			runOnlyForDeploymentPostprocessing = 0;
		};
/* End PBXResourcesBuildPhase section */

/* Begin PBXShellScriptBuildPhase section */
		33D2DD9C949FAA7FF7B008E4 /* Copy Pods Resources */ = {
			isa = PBXShellScriptBuildPhase;
			buildActionMask = 2147483647;
			files = (
			);
			inputPaths = (
			);
			name = "Copy Pods Resources";
			outputPaths = (
			);
			runOnlyForDeploymentPostprocessing = 0;
			shellPath = /bin/sh;
			shellScript = "\"${SRCROOT}/Pods/Target Support Files/Pods/Pods-resources.sh\"\n";
			showEnvVarsInLog = 0;
		};
		3FA6AC08AB76C0860D08A4EA /* Embed Pods Frameworks */ = {
			isa = PBXShellScriptBuildPhase;
			buildActionMask = 2147483647;
			files = (
			);
			inputPaths = (
			);
			name = "Embed Pods Frameworks";
			outputPaths = (
			);
			runOnlyForDeploymentPostprocessing = 0;
			shellPath = /bin/sh;
			shellScript = "\"${SRCROOT}/Pods/Target Support Files/Pods/Pods-frameworks.sh\"\n";
			showEnvVarsInLog = 0;
		};
		79EC93B829455617740A781B /* Copy Pods Resources */ = {
			isa = PBXShellScriptBuildPhase;
			buildActionMask = 2147483647;
			files = (
			);
			inputPaths = (
			);
			name = "Copy Pods Resources";
			outputPaths = (
			);
			runOnlyForDeploymentPostprocessing = 0;
			shellPath = /bin/sh;
			shellScript = "\"${SRCROOT}/Pods/Target Support Files/Pods/Pods-resources.sh\"\n";
			showEnvVarsInLog = 0;
		};
		90D9BEB9BB4984780F043965 /* Check Pods Manifest.lock */ = {
			isa = PBXShellScriptBuildPhase;
			buildActionMask = 2147483647;
			files = (
			);
			inputPaths = (
			);
			name = "Check Pods Manifest.lock";
			outputPaths = (
			);
			runOnlyForDeploymentPostprocessing = 0;
			shellPath = /bin/sh;
			shellScript = "diff \"${PODS_ROOT}/../Podfile.lock\" \"${PODS_ROOT}/Manifest.lock\" > /dev/null\nif [[ $? != 0 ]] ; then\n    cat << EOM\nerror: The sandbox is not in sync with the Podfile.lock. Run 'pod install' or update your CocoaPods installation.\nEOM\n    exit 1\nfi\n";
			showEnvVarsInLog = 0;
		};
		9507DFC5A79830AB228F9B11 /* Check Pods Manifest.lock */ = {
			isa = PBXShellScriptBuildPhase;
			buildActionMask = 2147483647;
			files = (
			);
			inputPaths = (
			);
			name = "Check Pods Manifest.lock";
			outputPaths = (
			);
			runOnlyForDeploymentPostprocessing = 0;
			shellPath = /bin/sh;
			shellScript = "diff \"${PODS_ROOT}/../Podfile.lock\" \"${PODS_ROOT}/Manifest.lock\" > /dev/null\nif [[ $? != 0 ]] ; then\n    cat << EOM\nerror: The sandbox is not in sync with the Podfile.lock. Run 'pod install' or update your CocoaPods installation.\nEOM\n    exit 1\nfi\n";
			showEnvVarsInLog = 0;
		};
		BC7B63A554F4823FC158EBF4 /* Embed Pods Frameworks */ = {
			isa = PBXShellScriptBuildPhase;
			buildActionMask = 2147483647;
			files = (
			);
			inputPaths = (
			);
			name = "Embed Pods Frameworks";
			outputPaths = (
			);
			runOnlyForDeploymentPostprocessing = 0;
			shellPath = /bin/sh;
			shellScript = "\"${SRCROOT}/Pods/Target Support Files/Pods/Pods-frameworks.sh\"\n";
			showEnvVarsInLog = 0;
		};
/* End PBXShellScriptBuildPhase section */

/* Begin PBXSourcesBuildPhase section */
		20828B2B1B6BD2EA008169DE /* Sources */ = {
			isa = PBXSourcesBuildPhase;
			buildActionMask = 2147483647;
			files = (
				20828B371B6BD2EA008169DE /* ViewController.swift in Sources */,
				20828B351B6BD2EA008169DE /* AppDelegate.swift in Sources */,
			);
			runOnlyForDeploymentPostprocessing = 0;
		};
		20828B401B6BD2EA008169DE /* Sources */ = {
			isa = PBXSourcesBuildPhase;
			buildActionMask = 2147483647;
			files = (
				20828B4B1B6BD2EA008169DE /* ExportToCalendarTests.swift in Sources */,
			);
			runOnlyForDeploymentPostprocessing = 0;
		};
/* End PBXSourcesBuildPhase section */

/* Begin PBXTargetDependency section */
		20828B461B6BD2EA008169DE /* PBXTargetDependency */ = {
			isa = PBXTargetDependency;
			target = 20828B2E1B6BD2EA008169DE /* ExportToCalendar */;
			targetProxy = 20828B451B6BD2EA008169DE /* PBXContainerItemProxy */;
		};
/* End PBXTargetDependency section */

/* Begin PBXVariantGroup section */
		20828B381B6BD2EA008169DE /* Main.storyboard */ = {
			isa = PBXVariantGroup;
			children = (
				20828B391B6BD2EA008169DE /* Base */,
			);
			name = Main.storyboard;
			sourceTree = "<group>";
		};
		20828B3D1B6BD2EA008169DE /* LaunchScreen.xib */ = {
			isa = PBXVariantGroup;
			children = (
				20828B3E1B6BD2EA008169DE /* Base */,
			);
			name = LaunchScreen.xib;
			sourceTree = "<group>";
		};
/* End PBXVariantGroup section */

/* Begin XCBuildConfiguration section */
		20828B4C1B6BD2EA008169DE /* Debug */ = {
			isa = XCBuildConfiguration;
			buildSettings = {
				ALWAYS_SEARCH_USER_PATHS = NO;
				CLANG_CXX_LANGUAGE_STANDARD = "gnu++0x";
				CLANG_CXX_LIBRARY = "libc++";
				CLANG_ENABLE_MODULES = YES;
				CLANG_ENABLE_OBJC_ARC = YES;
				CLANG_WARN_BOOL_CONVERSION = YES;
				CLANG_WARN_CONSTANT_CONVERSION = YES;
				CLANG_WARN_DIRECT_OBJC_ISA_USAGE = YES_ERROR;
				CLANG_WARN_EMPTY_BODY = YES;
				CLANG_WARN_ENUM_CONVERSION = YES;
				CLANG_WARN_INT_CONVERSION = YES;
				CLANG_WARN_OBJC_ROOT_CLASS = YES_ERROR;
				CLANG_WARN_UNREACHABLE_CODE = YES;
				CLANG_WARN__DUPLICATE_METHOD_MATCH = YES;
				"CODE_SIGN_IDENTITY[sdk=iphoneos*]" = "iPhone Developer";
				COPY_PHASE_STRIP = NO;
				DEBUG_INFORMATION_FORMAT = "dwarf-with-dsym";
				ENABLE_STRICT_OBJC_MSGSEND = YES;
				GCC_C_LANGUAGE_STANDARD = gnu99;
				GCC_DYNAMIC_NO_PIC = NO;
				GCC_NO_COMMON_BLOCKS = YES;
				GCC_OPTIMIZATION_LEVEL = 0;
				GCC_PREPROCESSOR_DEFINITIONS = (
					"DEBUG=1",
					"$(inherited)",
				);
				GCC_SYMBOLS_PRIVATE_EXTERN = NO;
				GCC_WARN_64_TO_32_BIT_CONVERSION = YES;
				GCC_WARN_ABOUT_RETURN_TYPE = YES_ERROR;
				GCC_WARN_UNDECLARED_SELECTOR = YES;
				GCC_WARN_UNINITIALIZED_AUTOS = YES_AGGRESSIVE;
				GCC_WARN_UNUSED_FUNCTION = YES;
				GCC_WARN_UNUSED_VARIABLE = YES;
				IPHONEOS_DEPLOYMENT_TARGET = 8.4;
				MTL_ENABLE_DEBUG_INFO = YES;
				ONLY_ACTIVE_ARCH = YES;
				SDKROOT = iphoneos;
				SWIFT_OPTIMIZATION_LEVEL = "-Onone";
				TARGETED_DEVICE_FAMILY = "1,2";
			};
			name = Debug;
		};
		20828B4D1B6BD2EA008169DE /* Release */ = {
			isa = XCBuildConfiguration;
			buildSettings = {
				ALWAYS_SEARCH_USER_PATHS = NO;
				CLANG_CXX_LANGUAGE_STANDARD = "gnu++0x";
				CLANG_CXX_LIBRARY = "libc++";
				CLANG_ENABLE_MODULES = YES;
				CLANG_ENABLE_OBJC_ARC = YES;
				CLANG_WARN_BOOL_CONVERSION = YES;
				CLANG_WARN_CONSTANT_CONVERSION = YES;
				CLANG_WARN_DIRECT_OBJC_ISA_USAGE = YES_ERROR;
				CLANG_WARN_EMPTY_BODY = YES;
				CLANG_WARN_ENUM_CONVERSION = YES;
				CLANG_WARN_INT_CONVERSION = YES;
				CLANG_WARN_OBJC_ROOT_CLASS = YES_ERROR;
				CLANG_WARN_UNREACHABLE_CODE = YES;
				CLANG_WARN__DUPLICATE_METHOD_MATCH = YES;
				"CODE_SIGN_IDENTITY[sdk=iphoneos*]" = "iPhone Developer";
				COPY_PHASE_STRIP = NO;
				DEBUG_INFORMATION_FORMAT = "dwarf-with-dsym";
				ENABLE_NS_ASSERTIONS = NO;
				ENABLE_STRICT_OBJC_MSGSEND = YES;
				GCC_C_LANGUAGE_STANDARD = gnu99;
				GCC_NO_COMMON_BLOCKS = YES;
				GCC_WARN_64_TO_32_BIT_CONVERSION = YES;
				GCC_WARN_ABOUT_RETURN_TYPE = YES_ERROR;
				GCC_WARN_UNDECLARED_SELECTOR = YES;
				GCC_WARN_UNINITIALIZED_AUTOS = YES_AGGRESSIVE;
				GCC_WARN_UNUSED_FUNCTION = YES;
				GCC_WARN_UNUSED_VARIABLE = YES;
				IPHONEOS_DEPLOYMENT_TARGET = 8.4;
				MTL_ENABLE_DEBUG_INFO = NO;
				SDKROOT = iphoneos;
				TARGETED_DEVICE_FAMILY = "1,2";
				VALIDATE_PRODUCT = YES;
			};
			name = Release;
		};
		20828B4F1B6BD2EA008169DE /* Debug */ = {
			isa = XCBuildConfiguration;
			baseConfigurationReference = F00241939312403BBB8741F3 /* Pods.debug.xcconfig */;
			buildSettings = {
				ASSETCATALOG_COMPILER_APPICON_NAME = AppIcon;
				CODE_SIGN_IDENTITY = "iPhone Developer";
				"CODE_SIGN_IDENTITY[sdk=iphoneos*]" = "iPhone Developer";
				INFOPLIST_FILE = ExportToCalendar/Info.plist;
				LD_RUNPATH_SEARCH_PATHS = "$(inherited) @executable_path/Frameworks";
				PRODUCT_NAME = "$(TARGET_NAME)";
				PROVISIONING_PROFILE = "";
			};
			name = Debug;
		};
		20828B501B6BD2EA008169DE /* Release */ = {
			isa = XCBuildConfiguration;
			baseConfigurationReference = 675EBD2EF705CA33BD082A4E /* Pods.release.xcconfig */;
			buildSettings = {
				ASSETCATALOG_COMPILER_APPICON_NAME = AppIcon;
				CODE_SIGN_IDENTITY = "iPhone Developer";
				"CODE_SIGN_IDENTITY[sdk=iphoneos*]" = "iPhone Developer";
				INFOPLIST_FILE = ExportToCalendar/Info.plist;
				LD_RUNPATH_SEARCH_PATHS = "$(inherited) @executable_path/Frameworks";
				PRODUCT_NAME = "$(TARGET_NAME)";
				PROVISIONING_PROFILE = "";
			};
			name = Release;
		};
		20828B521B6BD2EA008169DE /* Debug */ = {
			isa = XCBuildConfiguration;
			baseConfigurationReference = F00241939312403BBB8741F3 /* Pods.debug.xcconfig */;
			buildSettings = {
				BUNDLE_LOADER = "$(TEST_HOST)";
				FRAMEWORK_SEARCH_PATHS = (
					"$(SDKROOT)/Developer/Library/Frameworks",
					"$(inherited)",
				);
				GCC_PREPROCESSOR_DEFINITIONS = (
					"DEBUG=1",
					"$(inherited)",
				);
				INFOPLIST_FILE = ExportToCalendarTests/Info.plist;
				LD_RUNPATH_SEARCH_PATHS = "$(inherited) @executable_path/Frameworks @loader_path/Frameworks";
				PRODUCT_NAME = "$(TARGET_NAME)";
				TEST_HOST = "$(BUILT_PRODUCTS_DIR)/ExportToCalendar.app/ExportToCalendar";
			};
			name = Debug;
		};
		20828B531B6BD2EA008169DE /* Release */ = {
			isa = XCBuildConfiguration;
			baseConfigurationReference = 675EBD2EF705CA33BD082A4E /* Pods.release.xcconfig */;
			buildSettings = {
				BUNDLE_LOADER = "$(TEST_HOST)";
				FRAMEWORK_SEARCH_PATHS = (
					"$(SDKROOT)/Developer/Library/Frameworks",
					"$(inherited)",
				);
				INFOPLIST_FILE = ExportToCalendarTests/Info.plist;
				LD_RUNPATH_SEARCH_PATHS = "$(inherited) @executable_path/Frameworks @loader_path/Frameworks";
				PRODUCT_NAME = "$(TARGET_NAME)";
				TEST_HOST = "$(BUILT_PRODUCTS_DIR)/ExportToCalendar.app/ExportToCalendar";
			};
			name = Release;
		};
/* End XCBuildConfiguration section */

/* Begin XCConfigurationList section */
		20828B2A1B6BD2EA008169DE /* Build configuration list for PBXProject "ExportToCalendar" */ = {
			isa = XCConfigurationList;
			buildConfigurations = (
				20828B4C1B6BD2EA008169DE /* Debug */,
				20828B4D1B6BD2EA008169DE /* Release */,
			);
			defaultConfigurationIsVisible = 0;
			defaultConfigurationName = Release;
		};
		20828B4E1B6BD2EA008169DE /* Build configuration list for PBXNativeTarget "ExportToCalendar" */ = {
			isa = XCConfigurationList;
			buildConfigurations = (
				20828B4F1B6BD2EA008169DE /* Debug */,
				20828B501B6BD2EA008169DE /* Release */,
			);
			defaultConfigurationIsVisible = 0;
			defaultConfigurationName = Release;
		};
		20828B511B6BD2EA008169DE /* Build configuration list for PBXNativeTarget "ExportToCalendarTests" */ = {
			isa = XCConfigurationList;
			buildConfigurations = (
				20828B521B6BD2EA008169DE /* Debug */,
				20828B531B6BD2EA008169DE /* Release */,
			);
			defaultConfigurationIsVisible = 0;
			defaultConfigurationName = Release;
		};
/* End XCConfigurationList section */
	};
	rootObject = 20828B271B6BD2EA008169DE /* Project object */;
}
